
Microsoft Visual Studio Solution File, Format Version 12.00
# Visual Studio Version 17
VisualStudioVersion = 17.13.35931.197
MinimumVisualStudioVersion = 10.0.40219.1
Project("{FAE04EC0-301F-11D3-BF4B-00C04F79EFBC}") = "TurretShocky", "TurretShockyUI\TurretShocky.csproj", "{2E576A48-7B6F-490B-827C-31A14F774762}"
EndProject
Project("{FAE04EC0-301F-11D3-BF4B-00C04F79EFBC}") = "VRChatOSCLib", "VRChatOSCLib\VRChatOSCLib\VRChatOSCLib.csproj", "{7839A467-3A0E-CAB8-209E-EC21F8776CC5}"
EndProject
Project("{FAE04EC0-301F-11D3-BF4B-00C04F79EFBC}") = "UpdaterCore", "Updater\UpdaterCore.csproj", "{ED343F03-4390-3BCA-479A-106C6AB7F588}"
EndProject
Project("{FAE04EC0-301F-11D3-BF4B-00C04F79EFBC}") = "Updater.Desktop", "Updater.Desktop\Updater.Desktop.csproj", "{15E6728C-392D-0834-A52D-324AE7668C8C}"
EndProject
Global
	GlobalSection(SolutionConfigurationPlatforms) = preSolution
		Debug|Any CPU = Debug|Any CPU
		Release|Any CPU = Release|Any CPU
	EndGlobalSection
	GlobalSection(ProjectConfigurationPlatforms) = postSolution
		{2E576A48-7B6F-490B-827C-31A14F774762}.Debug|Any CPU.ActiveCfg = Debug|Any CPU
		{2E576A48-7B6F-490B-827C-31A14F774762}.Debug|Any CPU.Build.0 = Debug|Any CPU
		{2E576A48-7B6F-490B-827C-31A14F774762}.Release|Any CPU.ActiveCfg = Release|Any CPU
		{2E576A48-7B6F-490B-827C-31A14F774762}.Release|Any CPU.Build.0 = Release|Any CPU
		{7839A467-3A0E-CAB8-209E-EC21F8776CC5}.Debug|Any CPU.ActiveCfg = Debug|Any CPU
		{7839A467-3A0E-CAB8-209E-EC21F8776CC5}.Debug|Any CPU.Build.0 = Debug|Any CPU
		{7839A467-3A0E-CAB8-209E-EC21F8776CC5}.Release|Any CPU.ActiveCfg = Release|Any CPU
		{7839A467-3A0E-CAB8-209E-EC21F8776CC5}.Release|Any CPU.Build.0 = Release|Any CPU
		{ED343F03-4390-3BCA-479A-106C6AB7F588}.Debug|Any CPU.ActiveCfg = Debug|Any CPU
		{ED343F03-4390-3BCA-479A-106C6AB7F588}.Debug|Any CPU.Build.0 = Debug|Any CPU
		{ED343F03-4390-3BCA-479A-106C6AB7F588}.Release|Any CPU.ActiveCfg = Release|Any CPU
		{ED343F03-4390-3BCA-479A-106C6AB7F588}.Release|Any CPU.Build.0 = Release|Any CPU
		{15E6728C-392D-0834-A52D-324AE7668C8C}.Debug|Any CPU.ActiveCfg = Debug|Any CPU
		{15E6728C-392D-0834-A52D-324AE7668C8C}.Debug|Any CPU.Build.0 = Debug|Any CPU
		{15E6728C-392D-0834-A52D-324AE7668C8C}.Release|Any CPU.ActiveCfg = Release|Any CPU
		{15E6728C-392D-0834-A52D-324AE7668C8C}.Release|Any CPU.Build.0 = Release|Any CPU
	EndGlobalSection
	GlobalSection(SolutionProperties) = preSolution
		HideSolutionNode = FALSE
	EndGlobalSection
	GlobalSection(ExtensibilityGlobals) = postSolution
		SolutionGuid = {A2B45795-DBC6-454E-BAE2-71F4A0EF4AC3}
	EndGlobalSection
EndGlobal
